
Microsoft Visual Studio Solution File, Format Version 12.00
# Visual Studio 15
VisualStudioVersion = 15.0.28010.2050
MinimumVisualStudioVersion = 10.0.40219.1
Project("{8BC9CEB8-8B4A-11D0-8D11-00A0C91BC942}") = "vie_TTT", "vie_TTT\vie_TTT.vcxproj", "{D7BA3446-92E4-44BA-8440-B16DFB463C89}"
EndProject
Global
	GlobalSection(SolutionConfigurationPlatforms) = preSolution
		Debug|x64 = Debug|x64
		Debug|x86 = Debug|x86
		Release|x64 = Release|x64
		Release|x86 = Release|x86
	EndGlobalSection
	GlobalSection(ProjectConfigurationPlatforms) = postSolution
		{D7BA3446-92E4-44BA-8440-B16DFB463C89}.Debug|x64.ActiveCfg = Debug|x64
		{D7BA3446-92E4-44BA-8440-B16DFB463C89}.Debug|x64.Build.0 = Debug|x64
		{D7BA3446-92E4-44BA-8440-B16DFB463C89}.Debug|x86.ActiveCfg = Debug|Win32
		{D7BA3446-92E4-44BA-8440-B16DFB463C89}.Debug|x86.Build.0 = Debug|Win32
		{D7BA3446-92E4-44BA-8440-B16DFB463C89}.Release|x64.ActiveCfg = Release|x64
		{D7BA3446-92E4-44BA-8440-B16DFB463C89}.Release|x64.Build.0 = Release|x64
		{D7BA3446-92E4-44BA-8440-B16DFB463C89}.Release|x86.ActiveCfg = Release|Win32
		{D7BA3446-92E4-44BA-8440-B16DFB463C89}.Release|x86.Build.0 = Release|Win32
	EndGlobalSection
	GlobalSection(SolutionProperties) = preSolution
		HideSolutionNode = FALSE
	EndGlobalSection
	GlobalSection(ExtensibilityGlobals) = postSolution
		SolutionGuid = {E4C35B33-7B8D-4E52-9D06-29C5683DEF0A}
	EndGlobalSection
EndGlobal
